
Microsoft Visual Studio Solution File, Format Version 10.00
# Visual Studio 2008
Project("{8BC9CEB8-8B4A-11D0-8D11-00A0C91BC942}") = "Usb20ToJtag", "Usb20ToJtag.vcproj", "{A95C84F3-9ED2-41E5-B2C2-227F02E9CC7D}"
EndProject
Global
	GlobalSection(SolutionConfigurationPlatforms) = preSolution
		Debug|Win32 = Debug|Win32
		Release|Win32 = Release|Win32
	EndGlobalSection
	GlobalSection(ProjectConfigurationPlatforms) = postSolution
		{A95C84F3-9ED2-41E5-B2C2-227F02E9CC7D}.Debug|Win32.ActiveCfg = Debug|Win32
		{A95C84F3-9ED2-41E5-B2C2-227F02E9CC7D}.Debug|Win32.Build.0 = Debug|Win32
		{A95C84F3-9ED2-41E5-B2C2-227F02E9CC7D}.Release|Win32.ActiveCfg = Release|Win32
		{A95C84F3-9ED2-41E5-B2C2-227F02E9CC7D}.Release|Win32.Build.0 = Release|Win32
	EndGlobalSection
	GlobalSection(SolutionProperties) = preSolution
		HideSolutionNode = FALSE
	EndGlobalSection
EndGlobal
